
Microsoft Visual Studio Solution File, Format Version 12.00
# Visual Studio Version 17
VisualStudioVersion = 17.3.32811.315
MinimumVisualStudioVersion = 10.0.40219.1
Project("{FAE04EC0-301F-11D3-BF4B-00C04F79EFBC}") = "Methodes", "Methodes.csproj", "{911E6324-D85D-416E-B49C-54D98A4F3902}"
EndProject
Global
	GlobalSection(SolutionConfigurationPlatforms) = preSolution
		Debug|Any CPU = Debug|Any CPU
		Release|Any CPU = Release|Any CPU
	EndGlobalSection
	GlobalSection(ProjectConfigurationPlatforms) = postSolution
		{911E6324-D85D-416E-B49C-54D98A4F3902}.Debug|Any CPU.ActiveCfg = Debug|Any CPU
		{911E6324-D85D-416E-B49C-54D98A4F3902}.Debug|Any CPU.Build.0 = Debug|Any CPU
		{911E6324-D85D-416E-B49C-54D98A4F3902}.Release|Any CPU.ActiveCfg = Release|Any CPU
		{911E6324-D85D-416E-B49C-54D98A4F3902}.Release|Any CPU.Build.0 = Release|Any CPU
	EndGlobalSection
	GlobalSection(SolutionProperties) = preSolution
		HideSolutionNode = FALSE
	EndGlobalSection
	GlobalSection(ExtensibilityGlobals) = postSolution
		SolutionGuid = {D6906B02-BB8A-4007-B640-DB52596ACAFC}
	EndGlobalSection
EndGlobal
